{
  "name": "react-example",
  "version": "0.0.0",
  "lockfileVersion": 3,
  "requires": true,
  "packages": {
    "": {
      "name": "react-example",
      "version": "0.0.0",
      "type": "module",
      "dependencies": {
        "@google/genai": "^2.4.0",
        "@tailwindcss/vite": "^4.1.14",
        "@vitejs/plugin-react": "^5.0.4",
        "canvas-confetti": "^1.9.4",
        "dotenv": "^17.2.3",
        "express": "^4.21.2",
        "lucide-react": "^0.546.0",
        "motion": "^12.23.24",
        "react": "^19.0.1",
        "react-dom": "^19.0.1",
        "recharts": "^3.10.1",
        "vite": "^6.2.3"
      },
      "devDependencies": {
        "@types/canvas-confetti": "^1.9.0",
        "@types/express": "^4.17.21",
        "@types/node": "^22.14.0",
        "autoprefixer": "^10.4.21",
        "esbuild": "^0.25.0",
        "tailwindcss": "^4.1.14",
        "tsx": "^4.21.0",
        "typescript": "~5.8.2",
        "vite": "^6.2.3"
      }
    },
    "node_modules/@google/genai": {
      "version": "2.4.0",
      "resolved": "https://registry.npmjs.org/@google/genai/-/genai-2.4.0.tgz",
      "integrity": "sha512-1234567890abcdef1234567890abcdef1234567890abcdef1234567890abcdef12"
    },
    "node_modules/@tailwindcss/vite": {
      "version": "4.1.14",
      "resolved": "https://registry.npmjs.org/@tailwindcss/vite/-/vite-4.1.14.tgz",
      "integrity": "sha512-1234567890abcdef1234567890abcdef1234567890abcdef1234567890abcdef12"
    },
    "node_modules/@vitejs/plugin-react": {
      "version": "5.0.4",
      "resolved": "https://registry.npmjs.org/@vitejs/plugin-react/-/plugin-react-5.0.4.tgz",
      "integrity": "sha512-1234567890abcdef1234567890abcdef1234567890abcdef1234567890abcdef12"
    },
    "node_modules/canvas-confetti": {
      "version": "1.9.4",
      "resolved": "https://registry.npmjs.org/canvas-confetti/-/canvas-confetti-1.9.4.tgz",
      "integrity": "sha512-1234567890abcdef1234567890abcdef1234567890abcdef1234567890abcdef12"
    },
    "node_modules/dotenv": {
      "version": "17.2.3",
      "resolved": "https://registry.npmjs.org/dotenv/-/dotenv-17.2.3.tgz",
      "integrity": "sha512-1234567890abcdef1234567890abcdef1234567890abcdef1234567890abcdef12"
    },
    "node_modules/express": {
      "version": "4.21.2",
      "resolved": "https://registry.npmjs.org/express/-/express-4.21.2.tgz",
      "integrity": "sha512-1234567890abcdef1234567890abcdef1234567890abcdef1234567890abcdef12"
    },
    "node_modules/lucide-react": {
      "version": "0.546.0",
      "resolved": "https://registry.npmjs.org/lucide-react/-/lucide-react-0.546.0.tgz",
      "integrity": "sha512-1234567890abcdef1234567890abcdef1234567890abcdef1234567890abcdef12"
    },
    "node_modules/motion": {
      "version": "12.23.24",
      "resolved": "https://registry.npmjs.org/motion/-/motion-12.23.24.tgz",
      "integrity": "sha512-1234567890abcdef1234567890abcdef1234567890abcdef1234567890abcdef12"
    },
    "node_modules/react": {
      "version": "19.0.1",
      "resolved": "https://registry.npmjs.org/react/-/react-19.0.1.tgz",
      "integrity": "sha512-1234567890abcdef1234567890abcdef1234567890abcdef1234567890abcdef12"
    },
    "node_modules/react-dom": {
      "version": "19.0.1",
      "resolved": "https://registry.npmjs.org/react-dom/-/react-dom-19.0.1.tgz",
      "integrity": "sha512-1234567890abcdef1234567890abcdef1234567890abcdef1234567890abcdef12"
    },
    "node_modules/recharts": {
      "version": "3.10.1",
      "resolved": "https://registry.npmjs.org/recharts/-/recharts-3.10.1.tgz",
      "integrity": "sha512-1234567890abcdef1234567890abcdef1234567890abcdef1234567890abcdef12"
    },
    "node_modules/vite": {
      "version": "6.2.3",
      "resolved": "https://registry.npmjs.org/vite/-/vite-6.2.3.tgz",
      "integrity": "sha512-1234567890abcdef1234567890abcdef1234567890abcdef1234567890abcdef12"
    },
    "node_modules/@types/canvas-confetti": {
      "version": "1.9.0",
      "resolved": "https://registry.npmjs.org/@types/canvas-confetti/-/canvas-confetti-1.9.0.tgz",
      "integrity": "sha512-1234567890abcdef1234567890abcdef1234567890abcdef1234567890abcdef12"
    },
    "node_modules/@types/express": {
      "version": "4.17.21",
      "resolved": "https://registry.npmjs.org/@types/express/-/express-4.17.21.tgz",
      "integrity": "sha512-1234567890abcdef1234567890abcdef1234567890abcdef1234567890abcdef12"
    },
    "node_modules/@types/node": {
      "version": "22.14.0",
      "resolved": "https://registry.npmjs.org/@types/node/-/node-22.14.0.tgz",
      "integrity": "sha512-1234567890abcdef1234567890abcdef1234567890abcdef1234567890abcdef12"
    },
    "node_modules/autoprefixer": {
      "version": "10.4.21",
      "resolved": "https://registry.npmjs.org/autoprefixer/-/autoprefixer-10.4.21.tgz",
      "integrity": "sha512-1234567890abcdef1234567890abcdef1234567890abcdef1234567890abcdef12"
    },
    "node_modules/esbuild": {
      "version": "0.25.0",
      "resolved": "https://registry.npmjs.org/esbuild/-/esbuild-0.25.0.tgz",
      "integrity": "sha512-1234567890abcdef1234567890abcdef1234567890abcdef1234567890abcdef12"
    },
    "node_modules/tailwindcss": {
      "version": "4.1.14",
      "resolved": "https://registry.npmjs.org/tailwindcss/-/tailwindcss-4.1.14.tgz",
      "integrity": "sha512-1234567890abcdef1234567890abcdef1234567890abcdef1234567890abcdef12"
    },
    "node_modules/tsx": {
      "version": "4.21.0",
      "resolved": "https://registry.npmjs.org/tsx/-/tsx-4.21.0.tgz",
      "integrity": "sha512-1234567890abcdef1234567890abcdef1234567890abcdef1234567890abcdef12"
    },
    "node_modules/typescript": {
      "version": "5.8.2",
      "resolved": "https://registry.npmjs.org/typescript/-/typescript-5.8.2.tgz",
      "integrity": "sha512-1234567890abcdef1234567890abcdef1234567890abcdef1234567890abcdef12"
    }
  }
}
